
Microsoft Visual Studio Solution File, Format Version 12.00
# Visual Studio Version 17
VisualStudioVersion = 17.2.32602.215
MinimumVisualStudioVersion = 10.0.40219.1
Project("{FAE04EC0-301F-11D3-BF4B-00C04F79EFBC}") = "RegistrationASP_MVC_Lab", "RegistrationASP_MVC_Lab\RegistrationASP_MVC_Lab.csproj", "{CD5A89F5-9F3F-4AA6-A239-3F468E3CD614}"
EndProject
Global
	GlobalSection(SolutionConfigurationPlatforms) = preSolution
		Debug|Any CPU = Debug|Any CPU
		Release|Any CPU = Release|Any CPU
	EndGlobalSection
	GlobalSection(ProjectConfigurationPlatforms) = postSolution
		{CD5A89F5-9F3F-4AA6-A239-3F468E3CD614}.Debug|Any CPU.ActiveCfg = Debug|Any CPU
		{CD5A89F5-9F3F-4AA6-A239-3F468E3CD614}.Debug|Any CPU.Build.0 = Debug|Any CPU
		{CD5A89F5-9F3F-4AA6-A239-3F468E3CD614}.Release|Any CPU.ActiveCfg = Release|Any CPU
		{CD5A89F5-9F3F-4AA6-A239-3F468E3CD614}.Release|Any CPU.Build.0 = Release|Any CPU
	EndGlobalSection
	GlobalSection(SolutionProperties) = preSolution
		HideSolutionNode = FALSE
	EndGlobalSection
	GlobalSection(ExtensibilityGlobals) = postSolution
		SolutionGuid = {446CD584-C9A9-4EE3-BC20-3F73A51E066D}
	EndGlobalSection
EndGlobal
